
Microsoft Visual Studio Solution File, Format Version 12.00
# Visual Studio 2012
Project("{FAE04EC0-301F-11D3-BF4B-00C04F79EFBC}") = "Blog", "Blog\Blog.csproj", "{B720DDF6-BFBA-4819-B65A-A1AEF0032A67}"
EndProject
Global
	GlobalSection(SolutionConfigurationPlatforms) = preSolution
		Debug|Any CPU = Debug|Any CPU
		Release|Any CPU = Release|Any CPU
	EndGlobalSection
	GlobalSection(ProjectConfigurationPlatforms) = postSolution
		{B720DDF6-BFBA-4819-B65A-A1AEF0032A67}.Debug|Any CPU.ActiveCfg = Debug|Any CPU
		{B720DDF6-BFBA-4819-B65A-A1AEF0032A67}.Debug|Any CPU.Build.0 = Debug|Any CPU
		{B720DDF6-BFBA-4819-B65A-A1AEF0032A67}.Release|Any CPU.ActiveCfg = Release|Any CPU
		{B720DDF6-BFBA-4819-B65A-A1AEF0032A67}.Release|Any CPU.Build.0 = Release|Any CPU
	EndGlobalSection
	GlobalSection(SolutionProperties) = preSolution
		HideSolutionNode = FALSE
	EndGlobalSection
EndGlobal
